# THIS IS AN AUTOGENERATED FILE. DO NOT EDIT THIS FILE DIRECTLY.
# yarn lockfile v1


"@impact-x/color@^1.4.2":
  version "1.4.2"
  resolved "https://registry.yarnpkg.com/@impact-x/color/-/color-1.4.2.tgz#12c0487b895716dc70c8494bdd1da277739d044a"
  integrity sha512-JaQKDfOBbhzo7P30OdikPi7oXAZrkx9Kd8woyz0VeWN60+Mt8Db614C59Kros30PAR68YbO/Q//jQcaNg0mrOw==

"@impact-x/space@^0.4.5":
  version "0.4.5"
  resolved "https://registry.yarnpkg.com/@impact-x/space/-/space-0.4.5.tgz#ae8b5f35fd9774f6f8a20d80e1ac6f9182565ef1"
  integrity sha512-AIv/tqCFdM1o+mqt9nzocAN6y8/edRbHyODC5JELfwV41yO/eFpFzbNAo6S7ngw7E6ILijoKqAvspj3a+tdd/g==

"@impact-x/styles@^1.2.2":
  version "1.2.2"
  resolved "https://registry.yarnpkg.com/@impact-x/styles/-/styles-1.2.2.tgz#e4ff666485ff5afc3a6765e894a0d1f5eb8f1120"
  integrity sha512-GIqeD6OFEASXP9GY5EhCZENmImU27u+aWWYU8hswAk/2HX37aPAezrm/JtvEirNmDepCG57MMgd46/rdLEXEYA==
  dependencies:
    "@impact-x/tokens" "^0.5.12"

"@impact-x/tokens@^0.5.12":
  version "0.5.12"
  resolved "https://registry.yarnpkg.com/@impact-x/tokens/-/tokens-0.5.12.tgz#64765c087c7c33450daeb889e807ff1cc435840b"
  integrity sha512-oFQJ+fT3VxW/tg7XJMNwaJ/02Obj2xzRkP6Sj5FSeu0ztD3jjl7v7UK8a1qm/rXXdvZTNRTBj50aQkMeYa2/HA==
  dependencies:
    "@impact-x/color" "^1.4.2"
    "@impact-x/space" "^0.4.5"
    "@impact-x/typography" "^0.15.6"

"@impact-x/typography@^0.15.6":
  version "0.15.6"
  resolved "https://registry.yarnpkg.com/@impact-x/typography/-/typography-0.15.6.tgz#c676cb001c2275d2385287290bf58fc653107062"
  integrity sha512-zU/a4pbkVHrOSSSpE/KgxWUi0g3NuqiBRehze0LGRTAwM632OFrtkg5jR/rtYqcHhsS9eZStaOy3ZYHKWyiZxw==
  dependencies:
    "@impact-x/color" "^1.4.2"
    "@impact-x/space" "^0.4.5"
